// !$*UTF8*$!
{
	archiveVersion = 1;
	classes = {
	};
	objectVersion = 56;
	objects = {

/* Begin PBXBuildFile section */
		7D247FDE1E791042098CFFB1 /* Pods_Chat.framework in Frameworks */ = {isa = PBXBuildFile; fileRef = 12A755FF1CF013C873BFC763 /* Pods_Chat.framework */; };
		D0785C0D29CE31DE007A5CDF /* FirebaseAnalytics in Frameworks */ = {isa = PBXBuildFile; productRef = D0785C0C29CE31DE007A5CDF /* FirebaseAnalytics */; };
		D0785C0F29CE31DE007A5CDF /* FirebaseAnalyticsOnDeviceConversion in Frameworks */ = {isa = PBXBuildFile; productRef = D0785C0E29CE31DE007A5CDF /* FirebaseAnalyticsOnDeviceConversion */; };
		D0785C1129CE31DE007A5CDF /* FirebaseAnalyticsSwift in Frameworks */ = {isa = PBXBuildFile; productRef = D0785C1029CE31DE007A5CDF /* FirebaseAnalyticsSwift */; };
		D0785C1329CE31DE007A5CDF /* FirebaseAnalyticsWithoutAdIdSupport in Frameworks */ = {isa = PBXBuildFile; productRef = D0785C1229CE31DE007A5CDF /* FirebaseAnalyticsWithoutAdIdSupport */; };
		D0785C1529CE31DE007A5CDF /* FirebaseAppCheck in Frameworks */ = {isa = PBXBuildFile; productRef = D0785C1429CE31DE007A5CDF /* FirebaseAppCheck */; };
		D0785C1729CE31DF007A5CDF /* FirebaseAppDistribution-Beta in Frameworks */ = {isa = PBXBuildFile; productRef = D0785C1629CE31DF007A5CDF /* FirebaseAppDistribution-Beta */; };
		D0785C1929CE31DF007A5CDF /* FirebaseAuth in Frameworks */ = {isa = PBXBuildFile; productRef = D0785C1829CE31DF007A5CDF /* FirebaseAuth */; };
		D0785C1B29CE31DF007A5CDF /* FirebaseAuthCombine-Community in Frameworks */ = {isa = PBXBuildFile; productRef = D0785C1A29CE31DF007A5CDF /* FirebaseAuthCombine-Community */; };
		D0785C1D29CE31DF007A5CDF /* FirebaseCrashlytics in Frameworks */ = {isa = PBXBuildFile; productRef = D0785C1C29CE31DF007A5CDF /* FirebaseCrashlytics */; };
		D0785C1F29CE31DF007A5CDF /* FirebaseDatabase in Frameworks */ = {isa = PBXBuildFile; productRef = D0785C1E29CE31DF007A5CDF /* FirebaseDatabase */; };
		D0785C2129CE31DF007A5CDF /* FirebaseDatabaseSwift in Frameworks */ = {isa = PBXBuildFile; productRef = D0785C2029CE31DF007A5CDF /* FirebaseDatabaseSwift */; };
		D0785C2329CE31DF007A5CDF /* FirebaseDynamicLinks in Frameworks */ = {isa = PBXBuildFile; productRef = D0785C2229CE31DF007A5CDF /* FirebaseDynamicLinks */; };
		D0785C2529CE31DF007A5CDF /* FirebaseFirestore in Frameworks */ = {isa = PBXBuildFile; productRef = D0785C2429CE31DF007A5CDF /* FirebaseFirestore */; };
		D0785C2729CE31DF007A5CDF /* FirebaseFirestoreCombine-Community in Frameworks */ = {isa = PBXBuildFile; productRef = D0785C2629CE31DF007A5CDF /* FirebaseFirestoreCombine-Community */; };
		D0785C2929CE31DF007A5CDF /* FirebaseFirestoreSwift in Frameworks */ = {isa = PBXBuildFile; productRef = D0785C2829CE31DF007A5CDF /* FirebaseFirestoreSwift */; };
		D0785C2B29CE31DF007A5CDF /* FirebaseFunctions in Frameworks */ = {isa = PBXBuildFile; productRef = D0785C2A29CE31DF007A5CDF /* FirebaseFunctions */; };
		D0785C2D29CE31DF007A5CDF /* FirebaseFunctionsCombine-Community in Frameworks */ = {isa = PBXBuildFile; productRef = D0785C2C29CE31DF007A5CDF /* FirebaseFunctionsCombine-Community */; };
		D0785C2F29CE31DF007A5CDF /* FirebaseInAppMessaging-Beta in Frameworks */ = {isa = PBXBuildFile; productRef = D0785C2E29CE31DF007A5CDF /* FirebaseInAppMessaging-Beta */; };
		D0785C3129CE31DF007A5CDF /* FirebaseInAppMessagingSwift-Beta in Frameworks */ = {isa = PBXBuildFile; productRef = D0785C3029CE31DF007A5CDF /* FirebaseInAppMessagingSwift-Beta */; };
		D0785C3329CE31DF007A5CDF /* FirebaseInstallations in Frameworks */ = {isa = PBXBuildFile; productRef = D0785C3229CE31DF007A5CDF /* FirebaseInstallations */; };
		D0785C3529CE31DF007A5CDF /* FirebaseMLModelDownloader in Frameworks */ = {isa = PBXBuildFile; productRef = D0785C3429CE31DF007A5CDF /* FirebaseMLModelDownloader */; };
		D0785C3729CE31DF007A5CDF /* FirebaseMessaging in Frameworks */ = {isa = PBXBuildFile; productRef = D0785C3629CE31DF007A5CDF /* FirebaseMessaging */; };
		D0785C3929CE31DF007A5CDF /* FirebasePerformance in Frameworks */ = {isa = PBXBuildFile; productRef = D0785C3829CE31DF007A5CDF /* FirebasePerformance */; };
		D0785C3B29CE31DF007A5CDF /* FirebaseRemoteConfig in Frameworks */ = {isa = PBXBuildFile; productRef = D0785C3A29CE31DF007A5CDF /* FirebaseRemoteConfig */; };
		D0785C3D29CE31DF007A5CDF /* FirebaseRemoteConfigSwift in Frameworks */ = {isa = PBXBuildFile; productRef = D0785C3C29CE31DF007A5CDF /* FirebaseRemoteConfigSwift */; };
		D0785C3F29CE31DF007A5CDF /* FirebaseStorage in Frameworks */ = {isa = PBXBuildFile; productRef = D0785C3E29CE31DF007A5CDF /* FirebaseStorage */; };
		D0785C4129CE31DF007A5CDF /* FirebaseStorageCombine-Community in Frameworks */ = {isa = PBXBuildFile; productRef = D0785C4029CE31DF007A5CDF /* FirebaseStorageCombine-Community */; };
		D07D57F729CCECC100C2B811 /* ErrorDescriptionLabel.swift in Sources */ = {isa = PBXBuildFile; fileRef = D07D57F629CCECC100C2B811 /* ErrorDescriptionLabel.swift */; };
		D0964C9929CD989E009C247F /* Constants.swift in Sources */ = {isa = PBXBuildFile; fileRef = D0964C9829CD989E009C247F /* Constants.swift */; };
		D0964C9B29CD9B2C009C247F /* Message.swift in Sources */ = {isa = PBXBuildFile; fileRef = D0964C9A29CD9B2C009C247F /* Message.swift */; };
		D0964C9E29CDC088009C247F /* MessageCell.swift in Sources */ = {isa = PBXBuildFile; fileRef = D0964C9C29CDC088009C247F /* MessageCell.swift */; };
		D0964C9F29CDC088009C247F /* MessageCell.xib in Resources */ = {isa = PBXBuildFile; fileRef = D0964C9D29CDC088009C247F /* MessageCell.xib */; };
		D09DEAB129CCA67200C6880E /* GoogleService-Info.plist in Resources */ = {isa = PBXBuildFile; fileRef = D09DEAB029CCA67200C6880E /* GoogleService-Info.plist */; };
		D09E746D29CB10D70029A26B /* EmailTFView.swift in Sources */ = {isa = PBXBuildFile; fileRef = D09E746C29CB10D70029A26B /* EmailTFView.swift */; };
		D09E746F29CB130A0029A26B /* PasswordTFView.swift in Sources */ = {isa = PBXBuildFile; fileRef = D09E746E29CB130A0029A26B /* PasswordTFView.swift */; };
		D09E747129CB174F0029A26B /* RegisterButton.swift in Sources */ = {isa = PBXBuildFile; fileRef = D09E747029CB174F0029A26B /* RegisterButton.swift */; };
		D09E747529CB1C970029A26B /* WelcomeViewController.swift in Sources */ = {isa = PBXBuildFile; fileRef = D09E747429CB1C970029A26B /* WelcomeViewController.swift */; };
		D09E747729CB1D140029A26B /* FlashChatLabel.swift in Sources */ = {isa = PBXBuildFile; fileRef = D09E747629CB1D140029A26B /* FlashChatLabel.swift */; };
		D09E747B29CB24D90029A26B /* LoginButton.swift in Sources */ = {isa = PBXBuildFile; fileRef = D09E747A29CB24D90029A26B /* LoginButton.swift */; };
		D09E747D29CB25F90029A26B /* LoginViewController.swift in Sources */ = {isa = PBXBuildFile; fileRef = D09E747C29CB25F90029A26B /* LoginViewController.swift */; };
		D0B51FB729CB2C1500BFEFBA /* ChatViewController.swift in Sources */ = {isa = PBXBuildFile; fileRef = D0B51FB629CB2C1500BFEFBA /* ChatViewController.swift */; };
		D0BDEB8F29CB0EC100DC4094 /* AppDelegate.swift in Sources */ = {isa = PBXBuildFile; fileRef = D0BDEB8E29CB0EC100DC4094 /* AppDelegate.swift */; };
		D0BDEB9129CB0EC100DC4094 /* SceneDelegate.swift in Sources */ = {isa = PBXBuildFile; fileRef = D0BDEB9029CB0EC100DC4094 /* SceneDelegate.swift */; };
		D0BDEB9329CB0EC100DC4094 /* RegistrationViewController.swift in Sources */ = {isa = PBXBuildFile; fileRef = D0BDEB9229CB0EC100DC4094 /* RegistrationViewController.swift */; };
		D0BDEB9829CB0EC200DC4094 /* Assets.xcassets in Resources */ = {isa = PBXBuildFile; fileRef = D0BDEB9729CB0EC200DC4094 /* Assets.xcassets */; };
		D0BDEB9B29CB0EC200DC4094 /* LaunchScreen.storyboard in Resources */ = {isa = PBXBuildFile; fileRef = D0BDEB9929CB0EC200DC4094 /* LaunchScreen.storyboard */; };
/* End PBXBuildFile section */

/* Begin PBXFileReference section */
		12A755FF1CF013C873BFC763 /* Pods_Chat.framework */ = {isa = PBXFileReference; explicitFileType = wrapper.framework; includeInIndex = 0; path = Pods_Chat.framework; sourceTree = BUILT_PRODUCTS_DIR; };
		1C550AB796DCE924C3C3848E /* Pods-Chat.debug.xcconfig */ = {isa = PBXFileReference; includeInIndex = 1; lastKnownFileType = text.xcconfig; name = "Pods-Chat.debug.xcconfig"; path = "Target Support Files/Pods-Chat/Pods-Chat.debug.xcconfig"; sourceTree = "<group>"; };
		AE69D807146CC6FCE61C249C /* Pods-Chat.release.xcconfig */ = {isa = PBXFileReference; includeInIndex = 1; lastKnownFileType = text.xcconfig; name = "Pods-Chat.release.xcconfig"; path = "Target Support Files/Pods-Chat/Pods-Chat.release.xcconfig"; sourceTree = "<group>"; };
		D07D57F629CCECC100C2B811 /* ErrorDescriptionLabel.swift */ = {isa = PBXFileReference; lastKnownFileType = sourcecode.swift; path = ErrorDescriptionLabel.swift; sourceTree = "<group>"; };
		D0964C9829CD989E009C247F /* Constants.swift */ = {isa = PBXFileReference; lastKnownFileType = sourcecode.swift; path = Constants.swift; sourceTree = "<group>"; };
		D0964C9A29CD9B2C009C247F /* Message.swift */ = {isa = PBXFileReference; lastKnownFileType = sourcecode.swift; path = Message.swift; sourceTree = "<group>"; };
		D0964C9C29CDC088009C247F /* MessageCell.swift */ = {isa = PBXFileReference; lastKnownFileType = sourcecode.swift; path = MessageCell.swift; sourceTree = "<group>"; };
		D0964C9D29CDC088009C247F /* MessageCell.xib */ = {isa = PBXFileReference; lastKnownFileType = file.xib; path = MessageCell.xib; sourceTree = "<group>"; };
		D09DEAB029CCA67200C6880E /* GoogleService-Info.plist */ = {isa = PBXFileReference; fileEncoding = 4; lastKnownFileType = text.plist.xml; path = "GoogleService-Info.plist"; sourceTree = "<group>"; };
		D09E746C29CB10D70029A26B /* EmailTFView.swift */ = {isa = PBXFileReference; lastKnownFileType = sourcecode.swift; path = EmailTFView.swift; sourceTree = "<group>"; };
		D09E746E29CB130A0029A26B /* PasswordTFView.swift */ = {isa = PBXFileReference; lastKnownFileType = sourcecode.swift; path = PasswordTFView.swift; sourceTree = "<group>"; };
		D09E747029CB174F0029A26B /* RegisterButton.swift */ = {isa = PBXFileReference; lastKnownFileType = sourcecode.swift; path = RegisterButton.swift; sourceTree = "<group>"; };
		D09E747429CB1C970029A26B /* WelcomeViewController.swift */ = {isa = PBXFileReference; lastKnownFileType = sourcecode.swift; path = WelcomeViewController.swift; sourceTree = "<group>"; };
		D09E747629CB1D140029A26B /* FlashChatLabel.swift */ = {isa = PBXFileReference; lastKnownFileType = sourcecode.swift; path = FlashChatLabel.swift; sourceTree = "<group>"; };
		D09E747A29CB24D90029A26B /* LoginButton.swift */ = {isa = PBXFileReference; lastKnownFileType = sourcecode.swift; path = LoginButton.swift; sourceTree = "<group>"; };
		D09E747C29CB25F90029A26B /* LoginViewController.swift */ = {isa = PBXFileReference; lastKnownFileType = sourcecode.swift; path = LoginViewController.swift; sourceTree = "<group>"; };
		D0B51FB629CB2C1500BFEFBA /* ChatViewController.swift */ = {isa = PBXFileReference; lastKnownFileType = sourcecode.swift; path = ChatViewController.swift; sourceTree = "<group>"; };
		D0BDEB8B29CB0EC100DC4094 /* Chat.app */ = {isa = PBXFileReference; explicitFileType = wrapper.application; includeInIndex = 0; path = Chat.app; sourceTree = BUILT_PRODUCTS_DIR; };
		D0BDEB8E29CB0EC100DC4094 /* AppDelegate.swift */ = {isa = PBXFileReference; lastKnownFileType = sourcecode.swift; path = AppDelegate.swift; sourceTree = "<group>"; };
		D0BDEB9029CB0EC100DC4094 /* SceneDelegate.swift */ = {isa = PBXFileReference; lastKnownFileType = sourcecode.swift; path = SceneDelegate.swift; sourceTree = "<group>"; };
		D0BDEB9229CB0EC100DC4094 /* RegistrationViewController.swift */ = {isa = PBXFileReference; lastKnownFileType = sourcecode.swift; path = RegistrationViewController.swift; sourceTree = "<group>"; };
		D0BDEB9729CB0EC200DC4094 /* Assets.xcassets */ = {isa = PBXFileReference; lastKnownFileType = folder.assetcatalog; path = Assets.xcassets; sourceTree = "<group>"; };
		D0BDEB9A29CB0EC200DC4094 /* Base */ = {isa = PBXFileReference; lastKnownFileType = file.storyboard; name = Base; path = Base.lproj/LaunchScreen.storyboard; sourceTree = "<group>"; };
		D0BDEB9C29CB0EC200DC4094 /* Info.plist */ = {isa = PBXFileReference; lastKnownFileType = text.plist.xml; path = Info.plist; sourceTree = "<group>"; };
/* End PBXFileReference section */

/* Begin PBXFrameworksBuildPhase section */
		D0BDEB8829CB0EC100DC4094 /* Frameworks */ = {
			isa = PBXFrameworksBuildPhase;
			buildActionMask = 2147483647;
			files = (
				D0785C2B29CE31DF007A5CDF /* FirebaseFunctions in Frameworks */,
				D0785C2129CE31DF007A5CDF /* FirebaseDatabaseSwift in Frameworks */,
				D0785C3129CE31DF007A5CDF /* FirebaseInAppMessagingSwift-Beta in Frameworks */,
				D0785C3729CE31DF007A5CDF /* FirebaseMessaging in Frameworks */,
				D0785C1729CE31DF007A5CDF /* FirebaseAppDistribution-Beta in Frameworks */,
				D0785C1B29CE31DF007A5CDF /* FirebaseAuthCombine-Community in Frameworks */,
				D0785C2729CE31DF007A5CDF /* FirebaseFirestoreCombine-Community in Frameworks */,
				D0785C1129CE31DE007A5CDF /* FirebaseAnalyticsSwift in Frameworks */,
				D0785C3529CE31DF007A5CDF /* FirebaseMLModelDownloader in Frameworks */,
				D0785C1329CE31DE007A5CDF /* FirebaseAnalyticsWithoutAdIdSupport in Frameworks */,
				D0785C0D29CE31DE007A5CDF /* FirebaseAnalytics in Frameworks */,
				D0785C2929CE31DF007A5CDF /* FirebaseFirestoreSwift in Frameworks */,
				D0785C0F29CE31DE007A5CDF /* FirebaseAnalyticsOnDeviceConversion in Frameworks */,
				D0785C1529CE31DE007A5CDF /* FirebaseAppCheck in Frameworks */,
				D0785C3929CE31DF007A5CDF /* FirebasePerformance in Frameworks */,
				D0785C2F29CE31DF007A5CDF /* FirebaseInAppMessaging-Beta in Frameworks */,
				D0785C2D29CE31DF007A5CDF /* FirebaseFunctionsCombine-Community in Frameworks */,
				D0785C1D29CE31DF007A5CDF /* FirebaseCrashlytics in Frameworks */,
				D0785C3329CE31DF007A5CDF /* FirebaseInstallations in Frameworks */,
				D0785C3B29CE31DF007A5CDF /* FirebaseRemoteConfig in Frameworks */,
				D0785C3F29CE31DF007A5CDF /* FirebaseStorage in Frameworks */,
				D0785C1F29CE31DF007A5CDF /* FirebaseDatabase in Frameworks */,
				D0785C4129CE31DF007A5CDF /* FirebaseStorageCombine-Community in Frameworks */,
				7D247FDE1E791042098CFFB1 /* Pods_Chat.framework in Frameworks */,
				D0785C1929CE31DF007A5CDF /* FirebaseAuth in Frameworks */,
				D0785C2329CE31DF007A5CDF /* FirebaseDynamicLinks in Frameworks */,
				D0785C2529CE31DF007A5CDF /* FirebaseFirestore in Frameworks */,
				D0785C3D29CE31DF007A5CDF /* FirebaseRemoteConfigSwift in Frameworks */,
			);
			runOnlyForDeploymentPostprocessing = 0;
		};
/* End PBXFrameworksBuildPhase section */

/* Begin PBXGroup section */
		D09E746829CB10800029A26B /* Model */ = {
			isa = PBXGroup;
			children = (
				D0964C9829CD989E009C247F /* Constants.swift */,
				D0964C9A29CD9B2C009C247F /* Message.swift */,
			);
			path = Model;
			sourceTree = "<group>";
		};
		D09E746929CB10880029A26B /* View */ = {
			isa = PBXGroup;
			children = (
				D09E747629CB1D140029A26B /* FlashChatLabel.swift */,
				D09E746C29CB10D70029A26B /* EmailTFView.swift */,
				D09E746E29CB130A0029A26B /* PasswordTFView.swift */,
				D09E747029CB174F0029A26B /* RegisterButton.swift */,
				D09E747A29CB24D90029A26B /* LoginButton.swift */,
				D07D57F629CCECC100C2B811 /* ErrorDescriptionLabel.swift */,
				D0BDEB9929CB0EC200DC4094 /* LaunchScreen.storyboard */,
				D0964C9C29CDC088009C247F /* MessageCell.swift */,
				D0964C9D29CDC088009C247F /* MessageCell.xib */,
			);
			path = View;
			sourceTree = "<group>";
		};
		D09E746A29CB108E0029A26B /* Controller */ = {
			isa = PBXGroup;
			children = (
				D09E747429CB1C970029A26B /* WelcomeViewController.swift */,
				D09E747C29CB25F90029A26B /* LoginViewController.swift */,
				D0BDEB9229CB0EC100DC4094 /* RegistrationViewController.swift */,
				D0B51FB629CB2C1500BFEFBA /* ChatViewController.swift */,
			);
			path = Controller;
			sourceTree = "<group>";
		};
		D09E746B29CB10A80029A26B /* Resources */ = {
			isa = PBXGroup;
			children = (
				D0BDEB9729CB0EC200DC4094 /* Assets.xcassets */,
			);
			path = Resources;
			sourceTree = "<group>";
		};
		D0BDEB8229CB0EC100DC4094 = {
			isa = PBXGroup;
			children = (
				D0BDEB8D29CB0EC100DC4094 /* Chat */,
				D0BDEB8C29CB0EC100DC4094 /* Products */,
				EC67458FCE91AB143D4BD301 /* Pods */,
				FCDCA0FCBEFD1E4FA836D9E2 /* Frameworks */,
			);
			sourceTree = "<group>";
		};
		D0BDEB8C29CB0EC100DC4094 /* Products */ = {
			isa = PBXGroup;
			children = (
				D0BDEB8B29CB0EC100DC4094 /* Chat.app */,
			);
			name = Products;
			sourceTree = "<group>";
		};
		D0BDEB8D29CB0EC100DC4094 /* Chat */ = {
			isa = PBXGroup;
			children = (
				D0BDEB8E29CB0EC100DC4094 /* AppDelegate.swift */,
				D0BDEB9029CB0EC100DC4094 /* SceneDelegate.swift */,
				D09E746829CB10800029A26B /* Model */,
				D09E746929CB10880029A26B /* View */,
				D09E746A29CB108E0029A26B /* Controller */,
				D09E746B29CB10A80029A26B /* Resources */,
				D0BDEB9C29CB0EC200DC4094 /* Info.plist */,
				D09DEAB029CCA67200C6880E /* GoogleService-Info.plist */,
			);
			path = Chat;
			sourceTree = "<group>";
		};
		EC67458FCE91AB143D4BD301 /* Pods */ = {
			isa = PBXGroup;
			children = (
				1C550AB796DCE924C3C3848E /* Pods-Chat.debug.xcconfig */,
				AE69D807146CC6FCE61C249C /* Pods-Chat.release.xcconfig */,
			);
			path = Pods;
			sourceTree = "<group>";
		};
		FCDCA0FCBEFD1E4FA836D9E2 /* Frameworks */ = {
			isa = PBXGroup;
			children = (
				12A755FF1CF013C873BFC763 /* Pods_Chat.framework */,
			);
			name = Frameworks;
			sourceTree = "<group>";
		};
/* End PBXGroup section */

/* Begin PBXNativeTarget section */
		D0BDEB8A29CB0EC100DC4094 /* Chat */ = {
			isa = PBXNativeTarget;
			buildConfigurationList = D0BDEB9F29CB0EC200DC4094 /* Build configuration list for PBXNativeTarget "Chat" */;
			buildPhases = (
				287AD8610465085ABC4240A3 /* [CP] Check Pods Manifest.lock */,
				D0BDEB8729CB0EC100DC4094 /* Sources */,
				D0BDEB8829CB0EC100DC4094 /* Frameworks */,
				D0BDEB8929CB0EC100DC4094 /* Resources */,
				BCB8B48B1D7D4083DD17B040 /* [CP] Embed Pods Frameworks */,
			);
			buildRules = (
			);
			dependencies = (
			);
			name = Chat;
			packageProductDependencies = (
				D0785C0C29CE31DE007A5CDF /* FirebaseAnalytics */,
				D0785C0E29CE31DE007A5CDF /* FirebaseAnalyticsOnDeviceConversion */,
				D0785C1029CE31DE007A5CDF /* FirebaseAnalyticsSwift */,
				D0785C1229CE31DE007A5CDF /* FirebaseAnalyticsWithoutAdIdSupport */,
				D0785C1429CE31DE007A5CDF /* FirebaseAppCheck */,
				D0785C1629CE31DF007A5CDF /* FirebaseAppDistribution-Beta */,
				D0785C1829CE31DF007A5CDF /* FirebaseAuth */,
				D0785C1A29CE31DF007A5CDF /* FirebaseAuthCombine-Community */,
				D0785C1C29CE31DF007A5CDF /* FirebaseCrashlytics */,
				D0785C1E29CE31DF007A5CDF /* FirebaseDatabase */,
				D0785C2029CE31DF007A5CDF /* FirebaseDatabaseSwift */,
				D0785C2229CE31DF007A5CDF /* FirebaseDynamicLinks */,
				D0785C2429CE31DF007A5CDF /* FirebaseFirestore */,
				D0785C2629CE31DF007A5CDF /* FirebaseFirestoreCombine-Community */,
				D0785C2829CE31DF007A5CDF /* FirebaseFirestoreSwift */,
				D0785C2A29CE31DF007A5CDF /* FirebaseFunctions */,
				D0785C2C29CE31DF007A5CDF /* FirebaseFunctionsCombine-Community */,
				D0785C2E29CE31DF007A5CDF /* FirebaseInAppMessaging-Beta */,
				D0785C3029CE31DF007A5CDF /* FirebaseInAppMessagingSwift-Beta */,
				D0785C3229CE31DF007A5CDF /* FirebaseInstallations */,
				D0785C3429CE31DF007A5CDF /* FirebaseMLModelDownloader */,
				D0785C3629CE31DF007A5CDF /* FirebaseMessaging */,
				D0785C3829CE31DF007A5CDF /* FirebasePerformance */,
				D0785C3A29CE31DF007A5CDF /* FirebaseRemoteConfig */,
				D0785C3C29CE31DF007A5CDF /* FirebaseRemoteConfigSwift */,
				D0785C3E29CE31DF007A5CDF /* FirebaseStorage */,
				D0785C4029CE31DF007A5CDF /* FirebaseStorageCombine-Community */,
			);
			productName = Chat;
			productReference = D0BDEB8B29CB0EC100DC4094 /* Chat.app */;
			productType = "com.apple.product-type.application";
		};
/* End PBXNativeTarget section */

/* Begin PBXProject section */
		D0BDEB8329CB0EC100DC4094 /* Project object */ = {
			isa = PBXProject;
			attributes = {
				BuildIndependentTargetsInParallel = 1;
				LastSwiftUpdateCheck = 1420;
				LastUpgradeCheck = 1420;
				TargetAttributes = {
					D0BDEB8A29CB0EC100DC4094 = {
						CreatedOnToolsVersion = 14.2;
					};
				};
			};
			buildConfigurationList = D0BDEB8629CB0EC100DC4094 /* Build configuration list for PBXProject "Chat" */;
			compatibilityVersion = "Xcode 14.0";
			developmentRegion = en;
			hasScannedForEncodings = 0;
			knownRegions = (
				en,
				Base,
			);
			mainGroup = D0BDEB8229CB0EC100DC4094;
			packageReferences = (
				D0785C0B29CE31DE007A5CDF /* XCRemoteSwiftPackageReference "firebase-ios-sdk.git" */,
			);
			productRefGroup = D0BDEB8C29CB0EC100DC4094 /* Products */;
			projectDirPath = "";
			projectRoot = "";
			targets = (
				D0BDEB8A29CB0EC100DC4094 /* Chat */,
			);
		};
/* End PBXProject section */

/* Begin PBXResourcesBuildPhase section */
		D0BDEB8929CB0EC100DC4094 /* Resources */ = {
			isa = PBXResourcesBuildPhase;
			buildActionMask = 2147483647;
			files = (
				D0BDEB9B29CB0EC200DC4094 /* LaunchScreen.storyboard in Resources */,
				D0964C9F29CDC088009C247F /* MessageCell.xib in Resources */,
				D0BDEB9829CB0EC200DC4094 /* Assets.xcassets in Resources */,
				D09DEAB129CCA67200C6880E /* GoogleService-Info.plist in Resources */,
			);
			runOnlyForDeploymentPostprocessing = 0;
		};
/* End PBXResourcesBuildPhase section */

/* Begin PBXShellScriptBuildPhase section */
		287AD8610465085ABC4240A3 /* [CP] Check Pods Manifest.lock */ = {
			isa = PBXShellScriptBuildPhase;
			buildActionMask = 2147483647;
			files = (
			);
			inputFileListPaths = (
			);
			inputPaths = (
				"${PODS_PODFILE_DIR_PATH}/Podfile.lock",
				"${PODS_ROOT}/Manifest.lock",
			);
			name = "[CP] Check Pods Manifest.lock";
			outputFileListPaths = (
			);
			outputPaths = (
				"$(DERIVED_FILE_DIR)/Pods-Chat-checkManifestLockResult.txt",
			);
			runOnlyForDeploymentPostprocessing = 0;
			shellPath = /bin/sh;
			shellScript = "diff \"${PODS_PODFILE_DIR_PATH}/Podfile.lock\" \"${PODS_ROOT}/Manifest.lock\" > /dev/null\nif [ $? != 0 ] ; then\n    # print error to STDERR\n    echo \"error: The sandbox is not in sync with the Podfile.lock. Run 'pod install' or update your CocoaPods installation.\" >&2\n    exit 1\nfi\n# This output is used by Xcode 'outputs' to avoid re-running this script phase.\necho \"SUCCESS\" > \"${SCRIPT_OUTPUT_FILE_0}\"\n";
			showEnvVarsInLog = 0;
		};
		BCB8B48B1D7D4083DD17B040 /* [CP] Embed Pods Frameworks */ = {
			isa = PBXShellScriptBuildPhase;
			buildActionMask = 2147483647;
			files = (
			);
			inputFileListPaths = (
				"${PODS_ROOT}/Target Support Files/Pods-Chat/Pods-Chat-frameworks-${CONFIGURATION}-input-files.xcfilelist",
			);
			name = "[CP] Embed Pods Frameworks";
			outputFileListPaths = (
				"${PODS_ROOT}/Target Support Files/Pods-Chat/Pods-Chat-frameworks-${CONFIGURATION}-output-files.xcfilelist",
			);
			runOnlyForDeploymentPostprocessing = 0;
			shellPath = /bin/sh;
			shellScript = "\"${PODS_ROOT}/Target Support Files/Pods-Chat/Pods-Chat-frameworks.sh\"\n";
			showEnvVarsInLog = 0;
		};
/* End PBXShellScriptBuildPhase section */

/* Begin PBXSourcesBuildPhase section */
		D0BDEB8729CB0EC100DC4094 /* Sources */ = {
			isa = PBXSourcesBuildPhase;
			buildActionMask = 2147483647;
			files = (
				D09E747129CB174F0029A26B /* RegisterButton.swift in Sources */,
				D09E746F29CB130A0029A26B /* PasswordTFView.swift in Sources */,
				D0B51FB729CB2C1500BFEFBA /* ChatViewController.swift in Sources */,
				D0BDEB9329CB0EC100DC4094 /* RegistrationViewController.swift in Sources */,
				D09E746D29CB10D70029A26B /* EmailTFView.swift in Sources */,
				D07D57F729CCECC100C2B811 /* ErrorDescriptionLabel.swift in Sources */,
				D09E747B29CB24D90029A26B /* LoginButton.swift in Sources */,
				D0BDEB8F29CB0EC100DC4094 /* AppDelegate.swift in Sources */,
				D09E747729CB1D140029A26B /* FlashChatLabel.swift in Sources */,
				D0BDEB9129CB0EC100DC4094 /* SceneDelegate.swift in Sources */,
				D0964C9929CD989E009C247F /* Constants.swift in Sources */,
				D0964C9E29CDC088009C247F /* MessageCell.swift in Sources */,
				D0964C9B29CD9B2C009C247F /* Message.swift in Sources */,
				D09E747529CB1C970029A26B /* WelcomeViewController.swift in Sources */,
				D09E747D29CB25F90029A26B /* LoginViewController.swift in Sources */,
			);
			runOnlyForDeploymentPostprocessing = 0;
		};
/* End PBXSourcesBuildPhase section */

/* Begin PBXVariantGroup section */
		D0BDEB9929CB0EC200DC4094 /* LaunchScreen.storyboard */ = {
			isa = PBXVariantGroup;
			children = (
				D0BDEB9A29CB0EC200DC4094 /* Base */,
			);
			name = LaunchScreen.storyboard;
			sourceTree = "<group>";
		};
/* End PBXVariantGroup section */

/* Begin XCBuildConfiguration section */
		D0BDEB9D29CB0EC200DC4094 /* Debug */ = {
			isa = XCBuildConfiguration;
			buildSettings = {
				ALWAYS_SEARCH_USER_PATHS = NO;
				CLANG_ANALYZER_NONNULL = YES;
				CLANG_ANALYZER_NUMBER_OBJECT_CONVERSION = YES_AGGRESSIVE;
				CLANG_CXX_LANGUAGE_STANDARD = "gnu++20";
				CLANG_ENABLE_MODULES = YES;
				CLANG_ENABLE_OBJC_ARC = YES;
				CLANG_ENABLE_OBJC_WEAK = YES;
				CLANG_WARN_BLOCK_CAPTURE_AUTORELEASING = YES;
				CLANG_WARN_BOOL_CONVERSION = YES;
				CLANG_WARN_COMMA = YES;
				CLANG_WARN_CONSTANT_CONVERSION = YES;
				CLANG_WARN_DEPRECATED_OBJC_IMPLEMENTATIONS = YES;
				CLANG_WARN_DIRECT_OBJC_ISA_USAGE = YES_ERROR;
				CLANG_WARN_DOCUMENTATION_COMMENTS = YES;
				CLANG_WARN_EMPTY_BODY = YES;
				CLANG_WARN_ENUM_CONVERSION = YES;
				CLANG_WARN_INFINITE_RECURSION = YES;
				CLANG_WARN_INT_CONVERSION = YES;
				CLANG_WARN_NON_LITERAL_NULL_CONVERSION = YES;
				CLANG_WARN_OBJC_IMPLICIT_RETAIN_SELF = YES;
				CLANG_WARN_OBJC_LITERAL_CONVERSION = YES;
				CLANG_WARN_OBJC_ROOT_CLASS = YES_ERROR;
				CLANG_WARN_QUOTED_INCLUDE_IN_FRAMEWORK_HEADER = YES;
				CLANG_WARN_RANGE_LOOP_ANALYSIS = YES;
				CLANG_WARN_STRICT_PROTOTYPES = YES;
				CLANG_WARN_SUSPICIOUS_MOVE = YES;
				CLANG_WARN_UNGUARDED_AVAILABILITY = YES_AGGRESSIVE;
				CLANG_WARN_UNREACHABLE_CODE = YES;
				CLANG_WARN__DUPLICATE_METHOD_MATCH = YES;
				COPY_PHASE_STRIP = NO;
				DEBUG_INFORMATION_FORMAT = dwarf;
				ENABLE_STRICT_OBJC_MSGSEND = YES;
				ENABLE_TESTABILITY = YES;
				GCC_C_LANGUAGE_STANDARD = gnu11;
				GCC_DYNAMIC_NO_PIC = NO;
				GCC_NO_COMMON_BLOCKS = YES;
				GCC_OPTIMIZATION_LEVEL = 0;
				GCC_PREPROCESSOR_DEFINITIONS = (
					"DEBUG=1",
					"$(inherited)",
				);
				GCC_WARN_64_TO_32_BIT_CONVERSION = YES;
				GCC_WARN_ABOUT_RETURN_TYPE = YES_ERROR;
				GCC_WARN_UNDECLARED_SELECTOR = YES;
				GCC_WARN_UNINITIALIZED_AUTOS = YES_AGGRESSIVE;
				GCC_WARN_UNUSED_FUNCTION = YES;
				GCC_WARN_UNUSED_VARIABLE = YES;
				IPHONEOS_DEPLOYMENT_TARGET = 16.2;
				MTL_ENABLE_DEBUG_INFO = INCLUDE_SOURCE;
				MTL_FAST_MATH = YES;
				ONLY_ACTIVE_ARCH = YES;
				SDKROOT = iphoneos;
				SWIFT_ACTIVE_COMPILATION_CONDITIONS = DEBUG;
				SWIFT_OPTIMIZATION_LEVEL = "-Onone";
			};
			name = Debug;
		};
		D0BDEB9E29CB0EC200DC4094 /* Release */ = {
			isa = XCBuildConfiguration;
			buildSettings = {
				ALWAYS_SEARCH_USER_PATHS = NO;
				CLANG_ANALYZER_NONNULL = YES;
				CLANG_ANALYZER_NUMBER_OBJECT_CONVERSION = YES_AGGRESSIVE;
				CLANG_CXX_LANGUAGE_STANDARD = "gnu++20";
				CLANG_ENABLE_MODULES = YES;
				CLANG_ENABLE_OBJC_ARC = YES;
				CLANG_ENABLE_OBJC_WEAK = YES;
				CLANG_WARN_BLOCK_CAPTURE_AUTORELEASING = YES;
				CLANG_WARN_BOOL_CONVERSION = YES;
				CLANG_WARN_COMMA = YES;
				CLANG_WARN_CONSTANT_CONVERSION = YES;
				CLANG_WARN_DEPRECATED_OBJC_IMPLEMENTATIONS = YES;
				CLANG_WARN_DIRECT_OBJC_ISA_USAGE = YES_ERROR;
				CLANG_WARN_DOCUMENTATION_COMMENTS = YES;
				CLANG_WARN_EMPTY_BODY = YES;
				CLANG_WARN_ENUM_CONVERSION = YES;
				CLANG_WARN_INFINITE_RECURSION = YES;
				CLANG_WARN_INT_CONVERSION = YES;
				CLANG_WARN_NON_LITERAL_NULL_CONVERSION = YES;
				CLANG_WARN_OBJC_IMPLICIT_RETAIN_SELF = YES;
				CLANG_WARN_OBJC_LITERAL_CONVERSION = YES;
				CLANG_WARN_OBJC_ROOT_CLASS = YES_ERROR;
				CLANG_WARN_QUOTED_INCLUDE_IN_FRAMEWORK_HEADER = YES;
				CLANG_WARN_RANGE_LOOP_ANALYSIS = YES;
				CLANG_WARN_STRICT_PROTOTYPES = YES;
				CLANG_WARN_SUSPICIOUS_MOVE = YES;
				CLANG_WARN_UNGUARDED_AVAILABILITY = YES_AGGRESSIVE;
				CLANG_WARN_UNREACHABLE_CODE = YES;
				CLANG_WARN__DUPLICATE_METHOD_MATCH = YES;
				COPY_PHASE_STRIP = NO;
				DEBUG_INFORMATION_FORMAT = "dwarf-with-dsym";
				ENABLE_NS_ASSERTIONS = NO;
				ENABLE_STRICT_OBJC_MSGSEND = YES;
				GCC_C_LANGUAGE_STANDARD = gnu11;
				GCC_NO_COMMON_BLOCKS = YES;
				GCC_WARN_64_TO_32_BIT_CONVERSION = YES;
				GCC_WARN_ABOUT_RETURN_TYPE = YES_ERROR;
				GCC_WARN_UNDECLARED_SELECTOR = YES;
				GCC_WARN_UNINITIALIZED_AUTOS = YES_AGGRESSIVE;
				GCC_WARN_UNUSED_FUNCTION = YES;
				GCC_WARN_UNUSED_VARIABLE = YES;
				IPHONEOS_DEPLOYMENT_TARGET = 16.2;
				MTL_ENABLE_DEBUG_INFO = NO;
				MTL_FAST_MATH = YES;
				SDKROOT = iphoneos;
				SWIFT_COMPILATION_MODE = wholemodule;
				SWIFT_OPTIMIZATION_LEVEL = "-O";
				VALIDATE_PRODUCT = YES;
			};
			name = Release;
		};
		D0BDEBA029CB0EC200DC4094 /* Debug */ = {
			isa = XCBuildConfiguration;
			baseConfigurationReference = 1C550AB796DCE924C3C3848E /* Pods-Chat.debug.xcconfig */;
			buildSettings = {
				ASSETCATALOG_COMPILER_APPICON_NAME = AppIcon;
				ASSETCATALOG_COMPILER_GLOBAL_ACCENT_COLOR_NAME = AccentColor;
				CODE_SIGN_STYLE = Automatic;
				CURRENT_PROJECT_VERSION = 1;
				DEVELOPMENT_TEAM = B7Y7QR66JR;
				GENERATE_INFOPLIST_FILE = YES;
				INFOPLIST_FILE = Chat/Info.plist;
				INFOPLIST_KEY_UIApplicationSupportsIndirectInputEvents = YES;
				INFOPLIST_KEY_UILaunchStoryboardName = LaunchScreen;
				INFOPLIST_KEY_UISupportedInterfaceOrientations = UIInterfaceOrientationPortrait;
				INFOPLIST_KEY_UISupportedInterfaceOrientations_iPad = "UIInterfaceOrientationLandscapeLeft UIInterfaceOrientationLandscapeRight UIInterfaceOrientationPortrait UIInterfaceOrientationPortraitUpsideDown";
				LD_RUNPATH_SEARCH_PATHS = (
					"$(inherited)",
					"@executable_path/Frameworks",
				);
				MARKETING_VERSION = 1.0;
				PRODUCT_BUNDLE_IDENTIFIER = com.example.ChatEx2102;
				PRODUCT_NAME = "$(TARGET_NAME)";
				SUPPORTED_PLATFORMS = "iphoneos iphonesimulator";
				SUPPORTS_MACCATALYST = NO;
				SUPPORTS_MAC_DESIGNED_FOR_IPHONE_IPAD = NO;
				SWIFT_EMIT_LOC_STRINGS = YES;
				SWIFT_VERSION = 5.0;
				TARGETED_DEVICE_FAMILY = 1;
			};
			name = Debug;
		};
		D0BDEBA129CB0EC200DC4094 /* Release */ = {
			isa = XCBuildConfiguration;
			baseConfigurationReference = AE69D807146CC6FCE61C249C /* Pods-Chat.release.xcconfig */;
			buildSettings = {
				ASSETCATALOG_COMPILER_APPICON_NAME = AppIcon;
				ASSETCATALOG_COMPILER_GLOBAL_ACCENT_COLOR_NAME = AccentColor;
				CODE_SIGN_STYLE = Automatic;
				CURRENT_PROJECT_VERSION = 1;
				DEVELOPMENT_TEAM = B7Y7QR66JR;
				GENERATE_INFOPLIST_FILE = YES;
				INFOPLIST_FILE = Chat/Info.plist;
				INFOPLIST_KEY_UIApplicationSupportsIndirectInputEvents = YES;
				INFOPLIST_KEY_UILaunchStoryboardName = LaunchScreen;
				INFOPLIST_KEY_UISupportedInterfaceOrientations = UIInterfaceOrientationPortrait;
				INFOPLIST_KEY_UISupportedInterfaceOrientations_iPad = "UIInterfaceOrientationLandscapeLeft UIInterfaceOrientationLandscapeRight UIInterfaceOrientationPortrait UIInterfaceOrientationPortraitUpsideDown";
				LD_RUNPATH_SEARCH_PATHS = (
					"$(inherited)",
					"@executable_path/Frameworks",
				);
				MARKETING_VERSION = 1.0;
				PRODUCT_BUNDLE_IDENTIFIER = com.example.ChatEx2102;
				PRODUCT_NAME = "$(TARGET_NAME)";
				SUPPORTED_PLATFORMS = "iphoneos iphonesimulator";
				SUPPORTS_MACCATALYST = NO;
				SUPPORTS_MAC_DESIGNED_FOR_IPHONE_IPAD = NO;
				SWIFT_EMIT_LOC_STRINGS = YES;
				SWIFT_VERSION = 5.0;
				TARGETED_DEVICE_FAMILY = 1;
			};
			name = Release;
		};
/* End XCBuildConfiguration section */

/* Begin XCConfigurationList section */
		D0BDEB8629CB0EC100DC4094 /* Build configuration list for PBXProject "Chat" */ = {
			isa = XCConfigurationList;
			buildConfigurations = (
				D0BDEB9D29CB0EC200DC4094 /* Debug */,
				D0BDEB9E29CB0EC200DC4094 /* Release */,
			);
			defaultConfigurationIsVisible = 0;
			defaultConfigurationName = Release;
		};
		D0BDEB9F29CB0EC200DC4094 /* Build configuration list for PBXNativeTarget "Chat" */ = {
			isa = XCConfigurationList;
			buildConfigurations = (
				D0BDEBA029CB0EC200DC4094 /* Debug */,
				D0BDEBA129CB0EC200DC4094 /* Release */,
			);
			defaultConfigurationIsVisible = 0;
			defaultConfigurationName = Release;
		};
/* End XCConfigurationList section */

/* Begin XCRemoteSwiftPackageReference section */
		D0785C0B29CE31DE007A5CDF /* XCRemoteSwiftPackageReference "firebase-ios-sdk.git" */ = {
			isa = XCRemoteSwiftPackageReference;
			repositoryURL = "https://github.com/firebase/firebase-ios-sdk.git";
			requirement = {
				kind = upToNextMajorVersion;
				minimumVersion = 9.0.0;
			};
		};
/* End XCRemoteSwiftPackageReference section */

/* Begin XCSwiftPackageProductDependency section */
		D0785C0C29CE31DE007A5CDF /* FirebaseAnalytics */ = {
			isa = XCSwiftPackageProductDependency;
			package = D0785C0B29CE31DE007A5CDF /* XCRemoteSwiftPackageReference "firebase-ios-sdk.git" */;
			productName = FirebaseAnalytics;
		};
		D0785C0E29CE31DE007A5CDF /* FirebaseAnalyticsOnDeviceConversion */ = {
			isa = XCSwiftPackageProductDependency;
			package = D0785C0B29CE31DE007A5CDF /* XCRemoteSwiftPackageReference "firebase-ios-sdk.git" */;
			productName = FirebaseAnalyticsOnDeviceConversion;
		};
		D0785C1029CE31DE007A5CDF /* FirebaseAnalyticsSwift */ = {
			isa = XCSwiftPackageProductDependency;
			package = D0785C0B29CE31DE007A5CDF /* XCRemoteSwiftPackageReference "firebase-ios-sdk.git" */;
			productName = FirebaseAnalyticsSwift;
		};
		D0785C1229CE31DE007A5CDF /* FirebaseAnalyticsWithoutAdIdSupport */ = {
			isa = XCSwiftPackageProductDependency;
			package = D0785C0B29CE31DE007A5CDF /* XCRemoteSwiftPackageReference "firebase-ios-sdk.git" */;
			productName = FirebaseAnalyticsWithoutAdIdSupport;
		};
		D0785C1429CE31DE007A5CDF /* FirebaseAppCheck */ = {
			isa = XCSwiftPackageProductDependency;
			package = D0785C0B29CE31DE007A5CDF /* XCRemoteSwiftPackageReference "firebase-ios-sdk.git" */;
			productName = FirebaseAppCheck;
		};
		D0785C1629CE31DF007A5CDF /* FirebaseAppDistribution-Beta */ = {
			isa = XCSwiftPackageProductDependency;
			package = D0785C0B29CE31DE007A5CDF /* XCRemoteSwiftPackageReference "firebase-ios-sdk.git" */;
			productName = "FirebaseAppDistribution-Beta";
		};
		D0785C1829CE31DF007A5CDF /* FirebaseAuth */ = {
			isa = XCSwiftPackageProductDependency;
			package = D0785C0B29CE31DE007A5CDF /* XCRemoteSwiftPackageReference "firebase-ios-sdk.git" */;
			productName = FirebaseAuth;
		};
		D0785C1A29CE31DF007A5CDF /* FirebaseAuthCombine-Community */ = {
			isa = XCSwiftPackageProductDependency;
			package = D0785C0B29CE31DE007A5CDF /* XCRemoteSwiftPackageReference "firebase-ios-sdk.git" */;
			productName = "FirebaseAuthCombine-Community";
		};
		D0785C1C29CE31DF007A5CDF /* FirebaseCrashlytics */ = {
			isa = XCSwiftPackageProductDependency;
			package = D0785C0B29CE31DE007A5CDF /* XCRemoteSwiftPackageReference "firebase-ios-sdk.git" */;
			productName = FirebaseCrashlytics;
		};
		D0785C1E29CE31DF007A5CDF /* FirebaseDatabase */ = {
			isa = XCSwiftPackageProductDependency;
			package = D0785C0B29CE31DE007A5CDF /* XCRemoteSwiftPackageReference "firebase-ios-sdk.git" */;
			productName = FirebaseDatabase;
		};
		D0785C2029CE31DF007A5CDF /* FirebaseDatabaseSwift */ = {
			isa = XCSwiftPackageProductDependency;
			package = D0785C0B29CE31DE007A5CDF /* XCRemoteSwiftPackageReference "firebase-ios-sdk.git" */;
			productName = FirebaseDatabaseSwift;
		};
		D0785C2229CE31DF007A5CDF /* FirebaseDynamicLinks */ = {
			isa = XCSwiftPackageProductDependency;
			package = D0785C0B29CE31DE007A5CDF /* XCRemoteSwiftPackageReference "firebase-ios-sdk.git" */;
			productName = FirebaseDynamicLinks;
		};
		D0785C2429CE31DF007A5CDF /* FirebaseFirestore */ = {
			isa = XCSwiftPackageProductDependency;
			package = D0785C0B29CE31DE007A5CDF /* XCRemoteSwiftPackageReference "firebase-ios-sdk.git" */;
			productName = FirebaseFirestore;
		};
		D0785C2629CE31DF007A5CDF /* FirebaseFirestoreCombine-Community */ = {
			isa = XCSwiftPackageProductDependency;
			package = D0785C0B29CE31DE007A5CDF /* XCRemoteSwiftPackageReference "firebase-ios-sdk.git" */;
			productName = "FirebaseFirestoreCombine-Community";
		};
		D0785C2829CE31DF007A5CDF /* FirebaseFirestoreSwift */ = {
			isa = XCSwiftPackageProductDependency;
			package = D0785C0B29CE31DE007A5CDF /* XCRemoteSwiftPackageReference "firebase-ios-sdk.git" */;
			productName = FirebaseFirestoreSwift;
		};
		D0785C2A29CE31DF007A5CDF /* FirebaseFunctions */ = {
			isa = XCSwiftPackageProductDependency;
			package = D0785C0B29CE31DE007A5CDF /* XCRemoteSwiftPackageReference "firebase-ios-sdk.git" */;
			productName = FirebaseFunctions;
		};
		D0785C2C29CE31DF007A5CDF /* FirebaseFunctionsCombine-Community */ = {
			isa = XCSwiftPackageProductDependency;
			package = D0785C0B29CE31DE007A5CDF /* XCRemoteSwiftPackageReference "firebase-ios-sdk.git" */;
			productName = "FirebaseFunctionsCombine-Community";
		};
		D0785C2E29CE31DF007A5CDF /* FirebaseInAppMessaging-Beta */ = {
			isa = XCSwiftPackageProductDependency;
			package = D0785C0B29CE31DE007A5CDF /* XCRemoteSwiftPackageReference "firebase-ios-sdk.git" */;
			productName = "FirebaseInAppMessaging-Beta";
		};
		D0785C3029CE31DF007A5CDF /* FirebaseInAppMessagingSwift-Beta */ = {
			isa = XCSwiftPackageProductDependency;
			package = D0785C0B29CE31DE007A5CDF /* XCRemoteSwiftPackageReference "firebase-ios-sdk.git" */;
			productName = "FirebaseInAppMessagingSwift-Beta";
		};
		D0785C3229CE31DF007A5CDF /* FirebaseInstallations */ = {
			isa = XCSwiftPackageProductDependency;
			package = D0785C0B29CE31DE007A5CDF /* XCRemoteSwiftPackageReference "firebase-ios-sdk.git" */;
			productName = FirebaseInstallations;
		};
		D0785C3429CE31DF007A5CDF /* FirebaseMLModelDownloader */ = {
			isa = XCSwiftPackageProductDependency;
			package = D0785C0B29CE31DE007A5CDF /* XCRemoteSwiftPackageReference "firebase-ios-sdk.git" */;
			productName = FirebaseMLModelDownloader;
		};
		D0785C3629CE31DF007A5CDF /* FirebaseMessaging */ = {
			isa = XCSwiftPackageProductDependency;
			package = D0785C0B29CE31DE007A5CDF /* XCRemoteSwiftPackageReference "firebase-ios-sdk.git" */;
			productName = FirebaseMessaging;
		};
		D0785C3829CE31DF007A5CDF /* FirebasePerformance */ = {
			isa = XCSwiftPackageProductDependency;
			package = D0785C0B29CE31DE007A5CDF /* XCRemoteSwiftPackageReference "firebase-ios-sdk.git" */;
			productName = FirebasePerformance;
		};
		D0785C3A29CE31DF007A5CDF /* FirebaseRemoteConfig */ = {
			isa = XCSwiftPackageProductDependency;
			package = D0785C0B29CE31DE007A5CDF /* XCRemoteSwiftPackageReference "firebase-ios-sdk.git" */;
			productName = FirebaseRemoteConfig;
		};
		D0785C3C29CE31DF007A5CDF /* FirebaseRemoteConfigSwift */ = {
			isa = XCSwiftPackageProductDependency;
			package = D0785C0B29CE31DE007A5CDF /* XCRemoteSwiftPackageReference "firebase-ios-sdk.git" */;
			productName = FirebaseRemoteConfigSwift;
		};
		D0785C3E29CE31DF007A5CDF /* FirebaseStorage */ = {
			isa = XCSwiftPackageProductDependency;
			package = D0785C0B29CE31DE007A5CDF /* XCRemoteSwiftPackageReference "firebase-ios-sdk.git" */;
			productName = FirebaseStorage;
		};
		D0785C4029CE31DF007A5CDF /* FirebaseStorageCombine-Community */ = {
			isa = XCSwiftPackageProductDependency;
			package = D0785C0B29CE31DE007A5CDF /* XCRemoteSwiftPackageReference "firebase-ios-sdk.git" */;
			productName = "FirebaseStorageCombine-Community";
		};
/* End XCSwiftPackageProductDependency section */
	};
	rootObject = D0BDEB8329CB0EC100DC4094 /* Project object */;
}
